
Microsoft Visual Studio Solution File, Format Version 12.00
# Visual Studio Version 16
VisualStudioVersion = 16.0.31112.23
MinimumVisualStudioVersion = 10.0.40219.1
Project("{FAE04EC0-301F-11D3-BF4B-00C04F79EFBC}") = "OmertaLauncher", "OmertaLauncher\OmertaLauncher.csproj", "{47CE7E6C-93F5-4CE6-8420-BD547746F7D2}"
EndProject
Global
	GlobalSection(SolutionConfigurationPlatforms) = preSolution
		Debug|Any CPU = Debug|Any CPU
		Release|Any CPU = Release|Any CPU
	EndGlobalSection
	GlobalSection(ProjectConfigurationPlatforms) = postSolution
		{47CE7E6C-93F5-4CE6-8420-BD547746F7D2}.Debug|Any CPU.ActiveCfg = Debug|Any CPU
		{47CE7E6C-93F5-4CE6-8420-BD547746F7D2}.Debug|Any CPU.Build.0 = Debug|Any CPU
		{47CE7E6C-93F5-4CE6-8420-BD547746F7D2}.Release|Any CPU.ActiveCfg = Release|Any CPU
		{47CE7E6C-93F5-4CE6-8420-BD547746F7D2}.Release|Any CPU.Build.0 = Release|Any CPU
	EndGlobalSection
	GlobalSection(SolutionProperties) = preSolution
		HideSolutionNode = FALSE
	EndGlobalSection
	GlobalSection(ExtensibilityGlobals) = postSolution
		SolutionGuid = {519B77B8-AB82-40E8-9C32-78C5FB878772}
	EndGlobalSection
EndGlobal
